{
  "version": 4,
  "terraform_version": "1.4.5",
  "serial": 22,
  "lineage": "97a9c30c-01c6-85e6-ad9f-3fe2ebb5c3fe",
  "outputs": {
    "ecs_barmag-dev_cluster_id": {
      "value": "arn:aws:ecs:us-west-1:932497772645:cluster/barmag-dev",
      "type": "string"
    },
    "vpc_tutorial_private_subnet_ids": {
      "value": [
        "subnet-0019d5988f6a6a72e",
        "subnet-02edbaaf61bc5edf4"
      ],
      "type": [
        "tuple",
        [
          "string",
          "string"
        ]
      ]
    },
    "vpc_tutorial_public_subnet_ids": {
      "value": [
        "subnet-05508b3b3f7093758",
        "subnet-0182a1fdbcebef6d0"
      ],
      "type": [
        "tuple",
        [
          "string",
          "string"
        ]
      ]
    },
    "vpc_tutorial_vpc_id": {
      "value": "vpc-00ae29fdd9ac35c76",
      "type": "string"
    }
  },
  "resources": [
    {
      "mode": "data",
      "type": "aws_availability_zones",
      "name": "azs",
      "provider": "provider[\"registry.terraform.io/hashicorp/aws\"]",
      "instances": [
        {
          "schema_version": 0,
          "attributes": {
            "all_availability_zones": null,
            "exclude_names": null,
            "exclude_zone_ids": null,
            "filter": null,
            "group_names": [
              "us-west-1"
            ],
            "id": "us-west-1",
            "names": [
              "us-west-1a",
              "us-west-1b"
            ],
            "state": "available",
            "timeouts": null,
            "zone_ids": [
              "usw1-az3",
              "usw1-az1"
            ]
          },
          "sensitive_attributes": []
        }
      ]
    },
    {
      "mode": "managed",
      "type": "aws_cloudwatch_log_group",
      "name": "ecs_barmag-dev",
      "provider": "provider[\"registry.terraform.io/hashicorp/aws\"]",
      "instances": [
        {
          "schema_version": 0,
          "attributes": {
            "arn": "arn:aws:logs:us-west-1:932497772645:log-group:/aws/ecs/barmag-dev",
            "id": "/aws/ecs/barmag-dev",
            "kms_key_id": "",
            "name": "/aws/ecs/barmag-dev",
            "name_prefix": "",
            "retention_in_days": 7,
            "skip_destroy": false,
            "tags": {
              "terraform": "true"
            },
            "tags_all": {
              "terraform": "true"
            }
          },
          "sensitive_attributes": [],
          "private": "bnVsbA=="
        }
      ]
    },
    {
      "mode": "managed",
      "type": "aws_kms_key",
      "name": "ecs_barmag-dev",
      "provider": "provider[\"registry.terraform.io/hashicorp/aws\"]",
      "instances": [
        {
          "schema_version": 0,
          "attributes": {
            "arn": "arn:aws:kms:us-west-1:932497772645:key/0fb3c65e-f607-4dfa-b64d-de35ac383788",
            "bypass_policy_lockout_safety_check": false,
            "custom_key_store_id": "",
            "customer_master_key_spec": "SYMMETRIC_DEFAULT",
            "deletion_window_in_days": 7,
            "description": "ecs_barmag-dev log encryption key",
            "enable_key_rotation": false,
            "id": "0fb3c65e-f607-4dfa-b64d-de35ac383788",
            "is_enabled": true,
            "key_id": "0fb3c65e-f607-4dfa-b64d-de35ac383788",
            "key_usage": "ENCRYPT_DECRYPT",
            "multi_region": false,
            "policy": "{\"Id\":\"key-default-1\",\"Statement\":[{\"Action\":\"kms:*\",\"Effect\":\"Allow\",\"Principal\":{\"AWS\":\"arn:aws:iam::932497772645:root\"},\"Resource\":\"*\",\"Sid\":\"Enable IAM User Permissions\"}],\"Version\":\"2012-10-17\"}",
            "tags": {
              "terraform": "true"
            },
            "tags_all": {
              "terraform": "true"
            }
          },
          "sensitive_attributes": [],
          "private": "bnVsbA=="
        }
      ]
    },
    {
      "mode": "managed",
      "type": "aws_service_discovery_private_dns_namespace",
      "name": "ecs_barmag-dev",
      "provider": "provider[\"registry.terraform.io/hashicorp/aws\"]",
      "instances": [
        {
          "schema_version": 0,
          "attributes": {
            "arn": "arn:aws:servicediscovery:us-west-1:932497772645:namespace/ns-ew7endyjdayuiae2",
            "description": "barmag-dev ECS private namespace",
            "hosted_zone": "Z0133333185ADDCXBJ5ZW",
            "id": "ns-ew7endyjdayuiae2",
            "name": "barmag-dev.ecs.local",
            "tags": null,
            "tags_all": {},
            "vpc": "vpc-00ae29fdd9ac35c76"
          },
          "sensitive_attributes": [],
          "private": "bnVsbA==",
          "dependencies": [
            "module.vpc_tutorial.aws_vpc.this"
          ]
        }
      ]
    },
    {
      "module": "module.ecs_barmag-dev",
      "mode": "managed",
      "type": "aws_ecs_cluster",
      "name": "this",
      "provider": "provider[\"registry.terraform.io/hashicorp/aws\"]",
      "instances": [
        {
          "index_key": 0,
          "schema_version": 0,
          "attributes": {
            "arn": "arn:aws:ecs:us-west-1:932497772645:cluster/barmag-dev",
            "capacity_providers": [],
            "configuration": [
              {
                "execute_command_configuration": [
                  {
                    "kms_key_id": "arn:aws:kms:us-west-1:932497772645:key/0fb3c65e-f607-4dfa-b64d-de35ac383788",
                    "log_configuration": [
                      {
                        "cloud_watch_encryption_enabled": true,
                        "cloud_watch_log_group_name": "/aws/ecs/barmag-dev",
                        "s3_bucket_encryption_enabled": false,
                        "s3_bucket_name": "",
                        "s3_key_prefix": ""
                      }
                    ],
                    "logging": "OVERRIDE"
                  }
                ]
              }
            ],
            "default_capacity_provider_strategy": [],
            "id": "arn:aws:ecs:us-west-1:932497772645:cluster/barmag-dev",
            "name": "barmag-dev",
            "service_connect_defaults": [],
            "setting": [
              {
                "name": "containerInsights",
                "value": "enabled"
              }
            ],
            "tags": {
              "terraform": "true"
            },
            "tags_all": {
              "terraform": "true"
            }
          },
          "sensitive_attributes": [],
          "private": "bnVsbA==",
          "dependencies": [
            "aws_cloudwatch_log_group.ecs_barmag-dev",
            "aws_kms_key.ecs_barmag-dev"
          ]
        }
      ]
    },
    {
      "module": "module.ecs_barmag-dev",
      "mode": "managed",
      "type": "aws_ecs_cluster_capacity_providers",
      "name": "this",
      "provider": "provider[\"registry.terraform.io/hashicorp/aws\"]",
      "instances": [
        {
          "index_key": 0,
          "schema_version": 0,
          "attributes": {
            "capacity_providers": [
              "FARGATE_SPOT"
            ],
            "cluster_name": "barmag-dev",
            "default_capacity_provider_strategy": [
              {
                "base": 0,
                "capacity_provider": "FARGATE_SPOT",
                "weight": 0
              }
            ],
            "id": "barmag-dev"
          },
          "sensitive_attributes": [],
          "private": "bnVsbA==",
          "dependencies": [
            "aws_cloudwatch_log_group.ecs_barmag-dev",
            "aws_kms_key.ecs_barmag-dev",
            "module.ecs_barmag-dev.aws_ecs_capacity_provider.this",
            "module.ecs_barmag-dev.aws_ecs_cluster.this"
          ]
        }
      ]
    },
    {
      "module": "module.vpc_tutorial",
      "mode": "managed",
      "type": "aws_eip",
      "name": "nat",
      "provider": "provider[\"registry.terraform.io/hashicorp/aws\"]",
      "instances": [
        {
          "index_key": 0,
          "schema_version": 0,
          "attributes": {
            "address": null,
            "allocation_id": "eipalloc-0c7441d7a8ec6ae1f",
            "associate_with_private_ip": null,
            "association_id": "",
            "carrier_ip": "",
            "customer_owned_ip": "",
            "customer_owned_ipv4_pool": "",
            "domain": "vpc",
            "id": "eipalloc-0c7441d7a8ec6ae1f",
            "instance": "",
            "network_border_group": "us-west-1",
            "network_interface": "",
            "private_dns": null,
            "private_ip": "",
            "public_dns": "ec2-54-153-70-98.us-west-1.compute.amazonaws.com",
            "public_ip": "54.153.70.98",
            "public_ipv4_pool": "amazon",
            "tags": {
              "Name": "tutorial-us-west-1a",
              "terraform": "true"
            },
            "tags_all": {
              "Name": "tutorial-us-west-1a",
              "terraform": "true"
            },
            "timeouts": null,
            "vpc": true
          },
          "sensitive_attributes": [],
          "private": "eyJlMmJmYjczMC1lY2FhLTExZTYtOGY4OC0zNDM2M2JjN2M0YzAiOnsiZGVsZXRlIjoxODAwMDAwMDAwMDAsInJlYWQiOjkwMDAwMDAwMDAwMCwidXBkYXRlIjozMDAwMDAwMDAwMDB9fQ==",
          "dependencies": [
            "data.aws_availability_zones.azs"
          ]
        }
      ]
    },
    {
      "module": "module.vpc_tutorial",
      "mode": "managed",
      "type": "aws_internet_gateway",
      "name": "this",
      "provider": "provider[\"registry.terraform.io/hashicorp/aws\"]",
      "instances": [
        {
          "index_key": 0,
          "schema_version": 0,
          "attributes": {
            "arn": "arn:aws:ec2:us-west-1:932497772645:internet-gateway/igw-01ee2b53b210f221b",
            "id": "igw-01ee2b53b210f221b",
            "owner_id": "932497772645",
            "tags": {
              "Name": "tutorial",
              "terraform": "true"
            },
            "tags_all": {
              "Name": "tutorial",
              "terraform": "true"
            },
            "timeouts": null,
            "vpc_id": "vpc-00ae29fdd9ac35c76"
          },
          "sensitive_attributes": [],
          "private": "eyJlMmJmYjczMC1lY2FhLTExZTYtOGY4OC0zNDM2M2JjN2M0YzAiOnsiY3JlYXRlIjoxMjAwMDAwMDAwMDAwLCJkZWxldGUiOjEyMDAwMDAwMDAwMDAsInVwZGF0ZSI6MTIwMDAwMDAwMDAwMH19",
          "dependencies": [
            "module.vpc_tutorial.aws_vpc.this",
            "module.vpc_tutorial.aws_vpc_ipv4_cidr_block_association.this"
          ]
        }
      ]
    },
    {
      "module": "module.vpc_tutorial",
      "mode": "managed",
      "type": "aws_nat_gateway",
      "name": "this",
      "provider": "provider[\"registry.terraform.io/hashicorp/aws\"]",
      "instances": [
        {
          "index_key": 0,
          "schema_version": 0,
          "attributes": {
            "allocation_id": "eipalloc-0c7441d7a8ec6ae1f",
            "association_id": "eipassoc-03aafb9524cbf35ed",
            "connectivity_type": "public",
            "id": "nat-0aa14347f6348e758",
            "network_interface_id": "eni-04c3957bc27794925",
            "private_ip": "10.0.101.237",
            "public_ip": "54.153.70.98",
            "subnet_id": "subnet-05508b3b3f7093758",
            "tags": {
              "Name": "tutorial-us-west-1a",
              "terraform": "true"
            },
            "tags_all": {
              "Name": "tutorial-us-west-1a",
              "terraform": "true"
            }
          },
          "sensitive_attributes": [],
          "private": "bnVsbA==",
          "dependencies": [
            "data.aws_availability_zones.azs",
            "module.vpc_tutorial.aws_eip.nat",
            "module.vpc_tutorial.aws_internet_gateway.this",
            "module.vpc_tutorial.aws_subnet.public",
            "module.vpc_tutorial.aws_vpc.this",
            "module.vpc_tutorial.aws_vpc_ipv4_cidr_block_association.this"
          ]
        }
      ]
    },
    {
      "module": "module.vpc_tutorial",
      "mode": "managed",
      "type": "aws_route",
      "name": "private_nat_gateway",
      "provider": "provider[\"registry.terraform.io/hashicorp/aws\"]",
      "instances": [
        {
          "index_key": 0,
          "schema_version": 0,
          "attributes": {
            "carrier_gateway_id": "",
            "core_network_arn": "",
            "destination_cidr_block": "0.0.0.0/0",
            "destination_ipv6_cidr_block": "",
            "destination_prefix_list_id": "",
            "egress_only_gateway_id": "",
            "gateway_id": "",
            "id": "r-rtb-043f4925c7554cd461080289494",
            "instance_id": "",
            "instance_owner_id": "",
            "local_gateway_id": "",
            "nat_gateway_id": "nat-0aa14347f6348e758",
            "network_interface_id": "",
            "origin": "CreateRoute",
            "route_table_id": "rtb-043f4925c7554cd46",
            "state": "active",
            "timeouts": {
              "create": "5m",
              "delete": null,
              "update": null
            },
            "transit_gateway_id": "",
            "vpc_endpoint_id": "",
            "vpc_peering_connection_id": ""
          },
          "sensitive_attributes": [],
          "private": "eyJlMmJmYjczMC1lY2FhLTExZTYtOGY4OC0zNDM2M2JjN2M0YzAiOnsiY3JlYXRlIjozMDAwMDAwMDAwMDAsImRlbGV0ZSI6MzAwMDAwMDAwMDAwLCJ1cGRhdGUiOjEyMDAwMDAwMDAwMH19",
          "dependencies": [
            "data.aws_availability_zones.azs",
            "module.vpc_tutorial.aws_eip.nat",
            "module.vpc_tutorial.aws_internet_gateway.this",
            "module.vpc_tutorial.aws_nat_gateway.this",
            "module.vpc_tutorial.aws_route_table.private",
            "module.vpc_tutorial.aws_subnet.public",
            "module.vpc_tutorial.aws_vpc.this",
            "module.vpc_tutorial.aws_vpc_ipv4_cidr_block_association.this"
          ]
        }
      ]
    },
    {
      "module": "module.vpc_tutorial",
      "mode": "managed",
      "type": "aws_route",
      "name": "public_internet_gateway",
      "provider": "provider[\"registry.terraform.io/hashicorp/aws\"]",
      "instances": [
        {
          "index_key": 0,
          "schema_version": 0,
          "attributes": {
            "carrier_gateway_id": "",
            "core_network_arn": "",
            "destination_cidr_block": "0.0.0.0/0",
            "destination_ipv6_cidr_block": "",
            "destination_prefix_list_id": "",
            "egress_only_gateway_id": "",
            "gateway_id": "igw-01ee2b53b210f221b",
            "id": "r-rtb-07ed7c0fe893c717a1080289494",
            "instance_id": "",
            "instance_owner_id": "",
            "local_gateway_id": "",
            "nat_gateway_id": "",
            "network_interface_id": "",
            "origin": "CreateRoute",
            "route_table_id": "rtb-07ed7c0fe893c717a",
            "state": "active",
            "timeouts": {
              "create": "5m",
              "delete": null,
              "update": null
            },
            "transit_gateway_id": "",
            "vpc_endpoint_id": "",
            "vpc_peering_connection_id": ""
          },
          "sensitive_attributes": [],
          "private": "eyJlMmJmYjczMC1lY2FhLTExZTYtOGY4OC0zNDM2M2JjN2M0YzAiOnsiY3JlYXRlIjozMDAwMDAwMDAwMDAsImRlbGV0ZSI6MzAwMDAwMDAwMDAwLCJ1cGRhdGUiOjEyMDAwMDAwMDAwMH19",
          "dependencies": [
            "module.vpc_tutorial.aws_internet_gateway.this",
            "module.vpc_tutorial.aws_route_table.public",
            "module.vpc_tutorial.aws_vpc.this",
            "module.vpc_tutorial.aws_vpc_ipv4_cidr_block_association.this"
          ]
        }
      ]
    },
    {
      "module": "module.vpc_tutorial",
      "mode": "managed",
      "type": "aws_route_table",
      "name": "private",
      "provider": "provider[\"registry.terraform.io/hashicorp/aws\"]",
      "instances": [
        {
          "index_key": 0,
          "schema_version": 0,
          "attributes": {
            "arn": "arn:aws:ec2:us-west-1:932497772645:route-table/rtb-043f4925c7554cd46",
            "id": "rtb-043f4925c7554cd46",
            "owner_id": "932497772645",
            "propagating_vgws": [],
            "route": [],
            "tags": {
              "Name": "tutorial-private",
              "terraform": "true"
            },
            "tags_all": {
              "Name": "tutorial-private",
              "terraform": "true"
            },
            "timeouts": null,
            "vpc_id": "vpc-00ae29fdd9ac35c76"
          },
          "sensitive_attributes": [],
          "private": "eyJlMmJmYjczMC1lY2FhLTExZTYtOGY4OC0zNDM2M2JjN2M0YzAiOnsiY3JlYXRlIjozMDAwMDAwMDAwMDAsImRlbGV0ZSI6MzAwMDAwMDAwMDAwLCJ1cGRhdGUiOjEyMDAwMDAwMDAwMH19",
          "dependencies": [
            "data.aws_availability_zones.azs",
            "module.vpc_tutorial.aws_vpc.this",
            "module.vpc_tutorial.aws_vpc_ipv4_cidr_block_association.this"
          ]
        }
      ]
    },
    {
      "module": "module.vpc_tutorial",
      "mode": "managed",
      "type": "aws_route_table",
      "name": "public",
      "provider": "provider[\"registry.terraform.io/hashicorp/aws\"]",
      "instances": [
        {
          "index_key": 0,
          "schema_version": 0,
          "attributes": {
            "arn": "arn:aws:ec2:us-west-1:932497772645:route-table/rtb-07ed7c0fe893c717a",
            "id": "rtb-07ed7c0fe893c717a",
            "owner_id": "932497772645",
            "propagating_vgws": [],
            "route": [],
            "tags": {
              "Name": "tutorial-public",
              "terraform": "true"
            },
            "tags_all": {
              "Name": "tutorial-public",
              "terraform": "true"
            },
            "timeouts": null,
            "vpc_id": "vpc-00ae29fdd9ac35c76"
          },
          "sensitive_attributes": [],
          "private": "eyJlMmJmYjczMC1lY2FhLTExZTYtOGY4OC0zNDM2M2JjN2M0YzAiOnsiY3JlYXRlIjozMDAwMDAwMDAwMDAsImRlbGV0ZSI6MzAwMDAwMDAwMDAwLCJ1cGRhdGUiOjEyMDAwMDAwMDAwMH19",
          "dependencies": [
            "module.vpc_tutorial.aws_vpc.this",
            "module.vpc_tutorial.aws_vpc_ipv4_cidr_block_association.this"
          ]
        }
      ]
    },
    {
      "module": "module.vpc_tutorial",
      "mode": "managed",
      "type": "aws_route_table_association",
      "name": "private",
      "provider": "provider[\"registry.terraform.io/hashicorp/aws\"]",
      "instances": [
        {
          "index_key": 0,
          "schema_version": 0,
          "attributes": {
            "gateway_id": "",
            "id": "rtbassoc-0239459ece1075435",
            "route_table_id": "rtb-043f4925c7554cd46",
            "subnet_id": "subnet-0019d5988f6a6a72e"
          },
          "sensitive_attributes": [],
          "private": "bnVsbA==",
          "dependencies": [
            "data.aws_availability_zones.azs",
            "module.vpc_tutorial.aws_route_table.private",
            "module.vpc_tutorial.aws_subnet.private",
            "module.vpc_tutorial.aws_vpc.this",
            "module.vpc_tutorial.aws_vpc_ipv4_cidr_block_association.this"
          ]
        },
        {
          "index_key": 1,
          "schema_version": 0,
          "attributes": {
            "gateway_id": "",
            "id": "rtbassoc-049d12d922aa6b6ec",
            "route_table_id": "rtb-043f4925c7554cd46",
            "subnet_id": "subnet-02edbaaf61bc5edf4"
          },
          "sensitive_attributes": [],
          "private": "bnVsbA==",
          "dependencies": [
            "data.aws_availability_zones.azs",
            "module.vpc_tutorial.aws_route_table.private",
            "module.vpc_tutorial.aws_subnet.private",
            "module.vpc_tutorial.aws_vpc.this",
            "module.vpc_tutorial.aws_vpc_ipv4_cidr_block_association.this"
          ]
        }
      ]
    },
    {
      "module": "module.vpc_tutorial",
      "mode": "managed",
      "type": "aws_route_table_association",
      "name": "public",
      "provider": "provider[\"registry.terraform.io/hashicorp/aws\"]",
      "instances": [
        {
          "index_key": 0,
          "schema_version": 0,
          "attributes": {
            "gateway_id": "",
            "id": "rtbassoc-0cd1fcb0f19798d0a",
            "route_table_id": "rtb-07ed7c0fe893c717a",
            "subnet_id": "subnet-05508b3b3f7093758"
          },
          "sensitive_attributes": [],
          "private": "bnVsbA==",
          "dependencies": [
            "data.aws_availability_zones.azs",
            "module.vpc_tutorial.aws_route_table.public",
            "module.vpc_tutorial.aws_subnet.public",
            "module.vpc_tutorial.aws_vpc.this",
            "module.vpc_tutorial.aws_vpc_ipv4_cidr_block_association.this"
          ]
        },
        {
          "index_key": 1,
          "schema_version": 0,
          "attributes": {
            "gateway_id": "",
            "id": "rtbassoc-0852d72ce652189b2",
            "route_table_id": "rtb-07ed7c0fe893c717a",
            "subnet_id": "subnet-0182a1fdbcebef6d0"
          },
          "sensitive_attributes": [],
          "private": "bnVsbA==",
          "dependencies": [
            "data.aws_availability_zones.azs",
            "module.vpc_tutorial.aws_route_table.public",
            "module.vpc_tutorial.aws_subnet.public",
            "module.vpc_tutorial.aws_vpc.this",
            "module.vpc_tutorial.aws_vpc_ipv4_cidr_block_association.this"
          ]
        }
      ]
    },
    {
      "module": "module.vpc_tutorial",
      "mode": "managed",
      "type": "aws_subnet",
      "name": "private",
      "provider": "provider[\"registry.terraform.io/hashicorp/aws\"]",
      "instances": [
        {
          "index_key": 0,
          "schema_version": 1,
          "attributes": {
            "arn": "arn:aws:ec2:us-west-1:932497772645:subnet/subnet-0019d5988f6a6a72e",
            "assign_ipv6_address_on_creation": false,
            "availability_zone": "us-west-1a",
            "availability_zone_id": "usw1-az3",
            "cidr_block": "10.0.1.0/24",
            "customer_owned_ipv4_pool": "",
            "enable_dns64": false,
            "enable_resource_name_dns_a_record_on_launch": false,
            "enable_resource_name_dns_aaaa_record_on_launch": false,
            "id": "subnet-0019d5988f6a6a72e",
            "ipv6_cidr_block": "",
            "ipv6_cidr_block_association_id": "",
            "ipv6_native": false,
            "map_customer_owned_ip_on_launch": false,
            "map_public_ip_on_launch": false,
            "outpost_arn": "",
            "owner_id": "932497772645",
            "private_dns_hostname_type_on_launch": "ip-name",
            "tags": {
              "Name": "tutorial-private-us-west-1a",
              "terraform": "true"
            },
            "tags_all": {
              "Name": "tutorial-private-us-west-1a",
              "terraform": "true"
            },
            "timeouts": null,
            "vpc_id": "vpc-00ae29fdd9ac35c76"
          },
          "sensitive_attributes": [],
          "private": "eyJlMmJmYjczMC1lY2FhLTExZTYtOGY4OC0zNDM2M2JjN2M0YzAiOnsiY3JlYXRlIjo2MDAwMDAwMDAwMDAsImRlbGV0ZSI6MTIwMDAwMDAwMDAwMH0sInNjaGVtYV92ZXJzaW9uIjoiMSJ9",
          "dependencies": [
            "data.aws_availability_zones.azs",
            "module.vpc_tutorial.aws_vpc.this",
            "module.vpc_tutorial.aws_vpc_ipv4_cidr_block_association.this"
          ]
        },
        {
          "index_key": 1,
          "schema_version": 1,
          "attributes": {
            "arn": "arn:aws:ec2:us-west-1:932497772645:subnet/subnet-02edbaaf61bc5edf4",
            "assign_ipv6_address_on_creation": false,
            "availability_zone": "us-west-1b",
            "availability_zone_id": "usw1-az1",
            "cidr_block": "10.0.2.0/24",
            "customer_owned_ipv4_pool": "",
            "enable_dns64": false,
            "enable_resource_name_dns_a_record_on_launch": false,
            "enable_resource_name_dns_aaaa_record_on_launch": false,
            "id": "subnet-02edbaaf61bc5edf4",
            "ipv6_cidr_block": "",
            "ipv6_cidr_block_association_id": "",
            "ipv6_native": false,
            "map_customer_owned_ip_on_launch": false,
            "map_public_ip_on_launch": false,
            "outpost_arn": "",
            "owner_id": "932497772645",
            "private_dns_hostname_type_on_launch": "ip-name",
            "tags": {
              "Name": "tutorial-private-us-west-1b",
              "terraform": "true"
            },
            "tags_all": {
              "Name": "tutorial-private-us-west-1b",
              "terraform": "true"
            },
            "timeouts": null,
            "vpc_id": "vpc-00ae29fdd9ac35c76"
          },
          "sensitive_attributes": [],
          "private": "eyJlMmJmYjczMC1lY2FhLTExZTYtOGY4OC0zNDM2M2JjN2M0YzAiOnsiY3JlYXRlIjo2MDAwMDAwMDAwMDAsImRlbGV0ZSI6MTIwMDAwMDAwMDAwMH0sInNjaGVtYV92ZXJzaW9uIjoiMSJ9",
          "dependencies": [
            "data.aws_availability_zones.azs",
            "module.vpc_tutorial.aws_vpc.this",
            "module.vpc_tutorial.aws_vpc_ipv4_cidr_block_association.this"
          ]
        }
      ]
    },
    {
      "module": "module.vpc_tutorial",
      "mode": "managed",
      "type": "aws_subnet",
      "name": "public",
      "provider": "provider[\"registry.terraform.io/hashicorp/aws\"]",
      "instances": [
        {
          "index_key": 0,
          "schema_version": 1,
          "attributes": {
            "arn": "arn:aws:ec2:us-west-1:932497772645:subnet/subnet-05508b3b3f7093758",
            "assign_ipv6_address_on_creation": false,
            "availability_zone": "us-west-1a",
            "availability_zone_id": "usw1-az3",
            "cidr_block": "10.0.101.0/24",
            "customer_owned_ipv4_pool": "",
            "enable_dns64": false,
            "enable_resource_name_dns_a_record_on_launch": false,
            "enable_resource_name_dns_aaaa_record_on_launch": false,
            "id": "subnet-05508b3b3f7093758",
            "ipv6_cidr_block": "",
            "ipv6_cidr_block_association_id": "",
            "ipv6_native": false,
            "map_customer_owned_ip_on_launch": false,
            "map_public_ip_on_launch": true,
            "outpost_arn": "",
            "owner_id": "932497772645",
            "private_dns_hostname_type_on_launch": "ip-name",
            "tags": {
              "Name": "tutorial-public-us-west-1a",
              "terraform": "true"
            },
            "tags_all": {
              "Name": "tutorial-public-us-west-1a",
              "terraform": "true"
            },
            "timeouts": null,
            "vpc_id": "vpc-00ae29fdd9ac35c76"
          },
          "sensitive_attributes": [],
          "private": "eyJlMmJmYjczMC1lY2FhLTExZTYtOGY4OC0zNDM2M2JjN2M0YzAiOnsiY3JlYXRlIjo2MDAwMDAwMDAwMDAsImRlbGV0ZSI6MTIwMDAwMDAwMDAwMH0sInNjaGVtYV92ZXJzaW9uIjoiMSJ9",
          "dependencies": [
            "data.aws_availability_zones.azs",
            "module.vpc_tutorial.aws_vpc.this",
            "module.vpc_tutorial.aws_vpc_ipv4_cidr_block_association.this"
          ]
        },
        {
          "index_key": 1,
          "schema_version": 1,
          "attributes": {
            "arn": "arn:aws:ec2:us-west-1:932497772645:subnet/subnet-0182a1fdbcebef6d0",
            "assign_ipv6_address_on_creation": false,
            "availability_zone": "us-west-1b",
            "availability_zone_id": "usw1-az1",
            "cidr_block": "10.0.102.0/24",
            "customer_owned_ipv4_pool": "",
            "enable_dns64": false,
            "enable_resource_name_dns_a_record_on_launch": false,
            "enable_resource_name_dns_aaaa_record_on_launch": false,
            "id": "subnet-0182a1fdbcebef6d0",
            "ipv6_cidr_block": "",
            "ipv6_cidr_block_association_id": "",
            "ipv6_native": false,
            "map_customer_owned_ip_on_launch": false,
            "map_public_ip_on_launch": true,
            "outpost_arn": "",
            "owner_id": "932497772645",
            "private_dns_hostname_type_on_launch": "ip-name",
            "tags": {
              "Name": "tutorial-public-us-west-1b",
              "terraform": "true"
            },
            "tags_all": {
              "Name": "tutorial-public-us-west-1b",
              "terraform": "true"
            },
            "timeouts": null,
            "vpc_id": "vpc-00ae29fdd9ac35c76"
          },
          "sensitive_attributes": [],
          "private": "eyJlMmJmYjczMC1lY2FhLTExZTYtOGY4OC0zNDM2M2JjN2M0YzAiOnsiY3JlYXRlIjo2MDAwMDAwMDAwMDAsImRlbGV0ZSI6MTIwMDAwMDAwMDAwMH0sInNjaGVtYV92ZXJzaW9uIjoiMSJ9",
          "dependencies": [
            "data.aws_availability_zones.azs",
            "module.vpc_tutorial.aws_vpc.this",
            "module.vpc_tutorial.aws_vpc_ipv4_cidr_block_association.this"
          ]
        }
      ]
    },
    {
      "module": "module.vpc_tutorial",
      "mode": "managed",
      "type": "aws_vpc",
      "name": "this",
      "provider": "provider[\"registry.terraform.io/hashicorp/aws\"]",
      "instances": [
        {
          "index_key": 0,
          "schema_version": 1,
          "attributes": {
            "arn": "arn:aws:ec2:us-west-1:932497772645:vpc/vpc-00ae29fdd9ac35c76",
            "assign_generated_ipv6_cidr_block": false,
            "cidr_block": "10.0.0.0/16",
            "default_network_acl_id": "acl-04178ff7919e001e3",
            "default_route_table_id": "rtb-042af86104df7d188",
            "default_security_group_id": "sg-027d66878d2eb33f5",
            "dhcp_options_id": "dopt-08c9006af065cb130",
            "enable_classiclink": false,
            "enable_classiclink_dns_support": false,
            "enable_dns_hostnames": true,
            "enable_dns_support": true,
            "enable_network_address_usage_metrics": false,
            "id": "vpc-00ae29fdd9ac35c76",
            "instance_tenancy": "default",
            "ipv4_ipam_pool_id": null,
            "ipv4_netmask_length": null,
            "ipv6_association_id": "",
            "ipv6_cidr_block": "",
            "ipv6_cidr_block_network_border_group": "",
            "ipv6_ipam_pool_id": "",
            "ipv6_netmask_length": 0,
            "main_route_table_id": "rtb-042af86104df7d188",
            "owner_id": "932497772645",
            "tags": {
              "Name": "tutorial",
              "terraform": "true"
            },
            "tags_all": {
              "Name": "tutorial",
              "terraform": "true"
            }
          },
          "sensitive_attributes": [],
          "private": "eyJzY2hlbWFfdmVyc2lvbiI6IjEifQ=="
        }
      ]
    }
  ],
  "check_results": null
}
